
Microsoft Visual Studio Solution File, Format Version 12.00
# Visual Studio Version 17
VisualStudioVersion = 17.1.32210.238
MinimumVisualStudioVersion = 10.0.40219.1
Project("{9A19103F-16F7-4668-BE54-9A1E7A4F7556}") = "PruebaTokaApi", "PruebaToka\PruebaTokaApi.csproj", "{1BEF2AE5-3FEC-4E4B-8AB3-F589D08EA831}"
EndProject
Global
	GlobalSection(SolutionConfigurationPlatforms) = preSolution
		Debug|Any CPU = Debug|Any CPU
		Release|Any CPU = Release|Any CPU
	EndGlobalSection
	GlobalSection(ProjectConfigurationPlatforms) = postSolution
		{1BEF2AE5-3FEC-4E4B-8AB3-F589D08EA831}.Debug|Any CPU.ActiveCfg = Debug|Any CPU
		{1BEF2AE5-3FEC-4E4B-8AB3-F589D08EA831}.Debug|Any CPU.Build.0 = Debug|Any CPU
		{1BEF2AE5-3FEC-4E4B-8AB3-F589D08EA831}.Release|Any CPU.ActiveCfg = Release|Any CPU
		{1BEF2AE5-3FEC-4E4B-8AB3-F589D08EA831}.Release|Any CPU.Build.0 = Release|Any CPU
	EndGlobalSection
	GlobalSection(SolutionProperties) = preSolution
		HideSolutionNode = FALSE
	EndGlobalSection
	GlobalSection(ExtensibilityGlobals) = postSolution
		SolutionGuid = {14B0A044-6817-4E9B-9B5F-552C81FAD0F5}
	EndGlobalSection
EndGlobal
